
Microsoft Visual Studio Solution File, Format Version 12.00
# Visual Studio Version 17
VisualStudioVersion = 17.6.33829.357
MinimumVisualStudioVersion = 10.0.40219.1
Project("{FAE04EC0-301F-11D3-BF4B-00C04F79EFBC}") = "SqlDBManager", "SqlDBManager\SqlDBManager.csproj", "{2C624C0A-DAA9-4AFB-B683-AC6FA0F848B9}"
EndProject
Project("{54435603-DBB4-11D2-8724-00A0C9A8B90C}") = "MergerSetup", "MergerSetup\MergerSetup.vdproj", "{5F22BF91-E621-4A83-9186-D1984F352809}"
EndProject
Global
	GlobalSection(SolutionConfigurationPlatforms) = preSolution
		Debug|Any CPU = Debug|Any CPU
		Release|Any CPU = Release|Any CPU
	EndGlobalSection
	GlobalSection(ProjectConfigurationPlatforms) = postSolution
		{2C624C0A-DAA9-4AFB-B683-AC6FA0F848B9}.Debug|Any CPU.ActiveCfg = Debug|Any CPU
		{2C624C0A-DAA9-4AFB-B683-AC6FA0F848B9}.Debug|Any CPU.Build.0 = Debug|Any CPU
		{2C624C0A-DAA9-4AFB-B683-AC6FA0F848B9}.Release|Any CPU.ActiveCfg = Release|Any CPU
		{2C624C0A-DAA9-4AFB-B683-AC6FA0F848B9}.Release|Any CPU.Build.0 = Release|Any CPU
		{5F22BF91-E621-4A83-9186-D1984F352809}.Debug|Any CPU.ActiveCfg = Debug
		{5F22BF91-E621-4A83-9186-D1984F352809}.Release|Any CPU.ActiveCfg = Release
	EndGlobalSection
	GlobalSection(SolutionProperties) = preSolution
		HideSolutionNode = FALSE
	EndGlobalSection
	GlobalSection(ExtensibilityGlobals) = postSolution
		SolutionGuid = {236B40F3-13DE-4105-8476-FA87D96E0039}
	EndGlobalSection
EndGlobal
